
Microsoft Visual Studio Solution File, Format Version 12.00
# Visual Studio Version 17
VisualStudioVersion = 17.9.34723.18
MinimumVisualStudioVersion = 10.0.40219.1
Project("{8BC9CEB8-8B4A-11D0-8D11-00A0C91BC942}") = "MakeYourCodeFaster", "MakeYourCodeFaster\MakeYourCodeFaster.vcxproj", "{54E68588-9837-4710-85F6-F789D276098E}"
EndProject
Project("{8BC9CEB8-8B4A-11D0-8D11-00A0C91BC942}") = "DataOrientedIfStatement", "DataOrientedIfStatement\DataOrientedIfStatement.vcxproj", "{62FDFC0D-1C2F-44BB-AE97-E49BD2D0E207}"
EndProject
Project("{8BC9CEB8-8B4A-11D0-8D11-00A0C91BC942}") = "PreSizedArrays", "PreSizedArrays\PreSizedArrays.vcxproj", "{AA6D407C-8A41-487D-9475-0347FAF494BC}"
EndProject
Project("{8BC9CEB8-8B4A-11D0-8D11-00A0C91BC942}") = "ReusingComplexCalculations", "ReusingComplexCalculations\ReusingComplexCalculations.vcxproj", "{E6DCCD7D-AC82-446E-A8FE-A2B79363C223}"
EndProject
Project("{8BC9CEB8-8B4A-11D0-8D11-00A0C91BC942}") = "DataStructureSelection", "DataStructureSelection\DataStructureSelection.vcxproj", "{CB69B9FD-374F-412A-ACFE-BD2A8465DFA9}"
EndProject
Project("{8BC9CEB8-8B4A-11D0-8D11-00A0C91BC942}") = "OptimizeRemoteCalls", "OptimizeRemoteCalls\OptimizeRemoteCalls.vcxproj", "{2CDA5A5C-263C-492B-831F-857BFD82137F}"
EndProject
Project("{9A19103F-16F7-4668-BE54-9A1E7A4F7556}") = "DataApi", "DataApi\DataApi.csproj", "{E03161E3-E165-41B6-A376-889DCC32B128}"
EndProject
Project("{8BC9CEB8-8B4A-11D0-8D11-00A0C91BC942}") = "DataPlacementForPerformance", "DataPlacementForPerformance\DataPlacementForPerformance.vcxproj", "{B699E5A5-672E-4DE8-9C24-568523755B82}"
EndProject
Global
	GlobalSection(SolutionConfigurationPlatforms) = preSolution
		Debug|Any CPU = Debug|Any CPU
		Debug|ARM = Debug|ARM
		Debug|ARM64 = Debug|ARM64
		Debug|x64 = Debug|x64
		Debug|x86 = Debug|x86
		Release|Any CPU = Release|Any CPU
		Release|ARM = Release|ARM
		Release|ARM64 = Release|ARM64
		Release|x64 = Release|x64
		Release|x86 = Release|x86
	EndGlobalSection
	GlobalSection(ProjectConfigurationPlatforms) = postSolution
		{54E68588-9837-4710-85F6-F789D276098E}.Debug|Any CPU.ActiveCfg = Debug|x64
		{54E68588-9837-4710-85F6-F789D276098E}.Debug|Any CPU.Build.0 = Debug|x64
		{54E68588-9837-4710-85F6-F789D276098E}.Debug|ARM.ActiveCfg = Debug|x64
		{54E68588-9837-4710-85F6-F789D276098E}.Debug|ARM.Build.0 = Debug|x64
		{54E68588-9837-4710-85F6-F789D276098E}.Debug|ARM64.ActiveCfg = Debug|x64
		{54E68588-9837-4710-85F6-F789D276098E}.Debug|ARM64.Build.0 = Debug|x64
		{54E68588-9837-4710-85F6-F789D276098E}.Debug|x64.ActiveCfg = Debug|x64
		{54E68588-9837-4710-85F6-F789D276098E}.Debug|x64.Build.0 = Debug|x64
		{54E68588-9837-4710-85F6-F789D276098E}.Debug|x86.ActiveCfg = Debug|Win32
		{54E68588-9837-4710-85F6-F789D276098E}.Debug|x86.Build.0 = Debug|Win32
		{54E68588-9837-4710-85F6-F789D276098E}.Release|Any CPU.ActiveCfg = Release|x64
		{54E68588-9837-4710-85F6-F789D276098E}.Release|Any CPU.Build.0 = Release|x64
		{54E68588-9837-4710-85F6-F789D276098E}.Release|ARM.ActiveCfg = Release|x64
		{54E68588-9837-4710-85F6-F789D276098E}.Release|ARM.Build.0 = Release|x64
		{54E68588-9837-4710-85F6-F789D276098E}.Release|ARM64.ActiveCfg = Release|x64
		{54E68588-9837-4710-85F6-F789D276098E}.Release|ARM64.Build.0 = Release|x64
		{54E68588-9837-4710-85F6-F789D276098E}.Release|x64.ActiveCfg = Release|x64
		{54E68588-9837-4710-85F6-F789D276098E}.Release|x64.Build.0 = Release|x64
		{54E68588-9837-4710-85F6-F789D276098E}.Release|x86.ActiveCfg = Release|Win32
		{54E68588-9837-4710-85F6-F789D276098E}.Release|x86.Build.0 = Release|Win32
		{62FDFC0D-1C2F-44BB-AE97-E49BD2D0E207}.Debug|Any CPU.ActiveCfg = Debug|x64
		{62FDFC0D-1C2F-44BB-AE97-E49BD2D0E207}.Debug|Any CPU.Build.0 = Debug|x64
		{62FDFC0D-1C2F-44BB-AE97-E49BD2D0E207}.Debug|ARM.ActiveCfg = Debug|x64
		{62FDFC0D-1C2F-44BB-AE97-E49BD2D0E207}.Debug|ARM.Build.0 = Debug|x64
		{62FDFC0D-1C2F-44BB-AE97-E49BD2D0E207}.Debug|ARM64.ActiveCfg = Debug|x64
		{62FDFC0D-1C2F-44BB-AE97-E49BD2D0E207}.Debug|ARM64.Build.0 = Debug|x64
		{62FDFC0D-1C2F-44BB-AE97-E49BD2D0E207}.Debug|x64.ActiveCfg = Debug|x64
		{62FDFC0D-1C2F-44BB-AE97-E49BD2D0E207}.Debug|x64.Build.0 = Debug|x64
		{62FDFC0D-1C2F-44BB-AE97-E49BD2D0E207}.Debug|x86.ActiveCfg = Debug|Win32
		{62FDFC0D-1C2F-44BB-AE97-E49BD2D0E207}.Debug|x86.Build.0 = Debug|Win32
		{62FDFC0D-1C2F-44BB-AE97-E49BD2D0E207}.Release|Any CPU.ActiveCfg = Release|x64
		{62FDFC0D-1C2F-44BB-AE97-E49BD2D0E207}.Release|Any CPU.Build.0 = Release|x64
		{62FDFC0D-1C2F-44BB-AE97-E49BD2D0E207}.Release|ARM.ActiveCfg = Release|x64
		{62FDFC0D-1C2F-44BB-AE97-E49BD2D0E207}.Release|ARM.Build.0 = Release|x64
		{62FDFC0D-1C2F-44BB-AE97-E49BD2D0E207}.Release|ARM64.ActiveCfg = Release|x64
		{62FDFC0D-1C2F-44BB-AE97-E49BD2D0E207}.Release|ARM64.Build.0 = Release|x64
		{62FDFC0D-1C2F-44BB-AE97-E49BD2D0E207}.Release|x64.ActiveCfg = Release|x64
		{62FDFC0D-1C2F-44BB-AE97-E49BD2D0E207}.Release|x64.Build.0 = Release|x64
		{62FDFC0D-1C2F-44BB-AE97-E49BD2D0E207}.Release|x86.ActiveCfg = Release|Win32
		{62FDFC0D-1C2F-44BB-AE97-E49BD2D0E207}.Release|x86.Build.0 = Release|Win32
		{AA6D407C-8A41-487D-9475-0347FAF494BC}.Debug|Any CPU.ActiveCfg = Debug|x64
		{AA6D407C-8A41-487D-9475-0347FAF494BC}.Debug|Any CPU.Build.0 = Debug|x64
		{AA6D407C-8A41-487D-9475-0347FAF494BC}.Debug|ARM.ActiveCfg = Debug|x64
		{AA6D407C-8A41-487D-9475-0347FAF494BC}.Debug|ARM.Build.0 = Debug|x64
		{AA6D407C-8A41-487D-9475-0347FAF494BC}.Debug|ARM64.ActiveCfg = Debug|x64
		{AA6D407C-8A41-487D-9475-0347FAF494BC}.Debug|ARM64.Build.0 = Debug|x64
		{AA6D407C-8A41-487D-9475-0347FAF494BC}.Debug|x64.ActiveCfg = Debug|x64
		{AA6D407C-8A41-487D-9475-0347FAF494BC}.Debug|x64.Build.0 = Debug|x64
		{AA6D407C-8A41-487D-9475-0347FAF494BC}.Debug|x86.ActiveCfg = Debug|Win32
		{AA6D407C-8A41-487D-9475-0347FAF494BC}.Debug|x86.Build.0 = Debug|Win32
		{AA6D407C-8A41-487D-9475-0347FAF494BC}.Release|Any CPU.ActiveCfg = Release|x64
		{AA6D407C-8A41-487D-9475-0347FAF494BC}.Release|Any CPU.Build.0 = Release|x64
		{AA6D407C-8A41-487D-9475-0347FAF494BC}.Release|ARM.ActiveCfg = Release|x64
		{AA6D407C-8A41-487D-9475-0347FAF494BC}.Release|ARM.Build.0 = Release|x64
		{AA6D407C-8A41-487D-9475-0347FAF494BC}.Release|ARM64.ActiveCfg = Release|x64
		{AA6D407C-8A41-487D-9475-0347FAF494BC}.Release|ARM64.Build.0 = Release|x64
		{AA6D407C-8A41-487D-9475-0347FAF494BC}.Release|x64.ActiveCfg = Release|x64
		{AA6D407C-8A41-487D-9475-0347FAF494BC}.Release|x64.Build.0 = Release|x64
		{AA6D407C-8A41-487D-9475-0347FAF494BC}.Release|x86.ActiveCfg = Release|Win32
		{AA6D407C-8A41-487D-9475-0347FAF494BC}.Release|x86.Build.0 = Release|Win32
		{E6DCCD7D-AC82-446E-A8FE-A2B79363C223}.Debug|Any CPU.ActiveCfg = Debug|x64
		{E6DCCD7D-AC82-446E-A8FE-A2B79363C223}.Debug|Any CPU.Build.0 = Debug|x64
		{E6DCCD7D-AC82-446E-A8FE-A2B79363C223}.Debug|ARM.ActiveCfg = Debug|x64
		{E6DCCD7D-AC82-446E-A8FE-A2B79363C223}.Debug|ARM.Build.0 = Debug|x64
		{E6DCCD7D-AC82-446E-A8FE-A2B79363C223}.Debug|ARM64.ActiveCfg = Debug|x64
		{E6DCCD7D-AC82-446E-A8FE-A2B79363C223}.Debug|ARM64.Build.0 = Debug|x64
		{E6DCCD7D-AC82-446E-A8FE-A2B79363C223}.Debug|x64.ActiveCfg = Debug|x64
		{E6DCCD7D-AC82-446E-A8FE-A2B79363C223}.Debug|x64.Build.0 = Debug|x64
		{E6DCCD7D-AC82-446E-A8FE-A2B79363C223}.Debug|x86.ActiveCfg = Debug|Win32
		{E6DCCD7D-AC82-446E-A8FE-A2B79363C223}.Debug|x86.Build.0 = Debug|Win32
		{E6DCCD7D-AC82-446E-A8FE-A2B79363C223}.Release|Any CPU.ActiveCfg = Release|x64
		{E6DCCD7D-AC82-446E-A8FE-A2B79363C223}.Release|Any CPU.Build.0 = Release|x64
		{E6DCCD7D-AC82-446E-A8FE-A2B79363C223}.Release|ARM.ActiveCfg = Release|x64
		{E6DCCD7D-AC82-446E-A8FE-A2B79363C223}.Release|ARM.Build.0 = Release|x64
		{E6DCCD7D-AC82-446E-A8FE-A2B79363C223}.Release|ARM64.ActiveCfg = Release|x64
		{E6DCCD7D-AC82-446E-A8FE-A2B79363C223}.Release|ARM64.Build.0 = Release|x64
		{E6DCCD7D-AC82-446E-A8FE-A2B79363C223}.Release|x64.ActiveCfg = Release|x64
		{E6DCCD7D-AC82-446E-A8FE-A2B79363C223}.Release|x64.Build.0 = Release|x64
		{E6DCCD7D-AC82-446E-A8FE-A2B79363C223}.Release|x86.ActiveCfg = Release|Win32
		{E6DCCD7D-AC82-446E-A8FE-A2B79363C223}.Release|x86.Build.0 = Release|Win32
		{CB69B9FD-374F-412A-ACFE-BD2A8465DFA9}.Debug|Any CPU.ActiveCfg = Debug|x64
		{CB69B9FD-374F-412A-ACFE-BD2A8465DFA9}.Debug|Any CPU.Build.0 = Debug|x64
		{CB69B9FD-374F-412A-ACFE-BD2A8465DFA9}.Debug|ARM.ActiveCfg = Debug|x64
		{CB69B9FD-374F-412A-ACFE-BD2A8465DFA9}.Debug|ARM.Build.0 = Debug|x64
		{CB69B9FD-374F-412A-ACFE-BD2A8465DFA9}.Debug|ARM64.ActiveCfg = Debug|x64
		{CB69B9FD-374F-412A-ACFE-BD2A8465DFA9}.Debug|ARM64.Build.0 = Debug|x64
		{CB69B9FD-374F-412A-ACFE-BD2A8465DFA9}.Debug|x64.ActiveCfg = Debug|x64
		{CB69B9FD-374F-412A-ACFE-BD2A8465DFA9}.Debug|x64.Build.0 = Debug|x64
		{CB69B9FD-374F-412A-ACFE-BD2A8465DFA9}.Debug|x86.ActiveCfg = Debug|Win32
		{CB69B9FD-374F-412A-ACFE-BD2A8465DFA9}.Debug|x86.Build.0 = Debug|Win32
		{CB69B9FD-374F-412A-ACFE-BD2A8465DFA9}.Release|Any CPU.ActiveCfg = Release|x64
		{CB69B9FD-374F-412A-ACFE-BD2A8465DFA9}.Release|Any CPU.Build.0 = Release|x64
		{CB69B9FD-374F-412A-ACFE-BD2A8465DFA9}.Release|ARM.ActiveCfg = Release|x64
		{CB69B9FD-374F-412A-ACFE-BD2A8465DFA9}.Release|ARM.Build.0 = Release|x64
		{CB69B9FD-374F-412A-ACFE-BD2A8465DFA9}.Release|ARM64.ActiveCfg = Release|x64
		{CB69B9FD-374F-412A-ACFE-BD2A8465DFA9}.Release|ARM64.Build.0 = Release|x64
		{CB69B9FD-374F-412A-ACFE-BD2A8465DFA9}.Release|x64.ActiveCfg = Release|x64
		{CB69B9FD-374F-412A-ACFE-BD2A8465DFA9}.Release|x64.Build.0 = Release|x64
		{CB69B9FD-374F-412A-ACFE-BD2A8465DFA9}.Release|x86.ActiveCfg = Release|Win32
		{CB69B9FD-374F-412A-ACFE-BD2A8465DFA9}.Release|x86.Build.0 = Release|Win32
		{2CDA5A5C-263C-492B-831F-857BFD82137F}.Debug|Any CPU.ActiveCfg = Debug|x64
		{2CDA5A5C-263C-492B-831F-857BFD82137F}.Debug|Any CPU.Build.0 = Debug|x64
		{2CDA5A5C-263C-492B-831F-857BFD82137F}.Debug|ARM.ActiveCfg = Debug|x64
		{2CDA5A5C-263C-492B-831F-857BFD82137F}.Debug|ARM.Build.0 = Debug|x64
		{2CDA5A5C-263C-492B-831F-857BFD82137F}.Debug|ARM64.ActiveCfg = Debug|x64
		{2CDA5A5C-263C-492B-831F-857BFD82137F}.Debug|ARM64.Build.0 = Debug|x64
		{2CDA5A5C-263C-492B-831F-857BFD82137F}.Debug|x64.ActiveCfg = Debug|x64
		{2CDA5A5C-263C-492B-831F-857BFD82137F}.Debug|x64.Build.0 = Debug|x64
		{2CDA5A5C-263C-492B-831F-857BFD82137F}.Debug|x86.ActiveCfg = Debug|Win32
		{2CDA5A5C-263C-492B-831F-857BFD82137F}.Debug|x86.Build.0 = Debug|Win32
		{2CDA5A5C-263C-492B-831F-857BFD82137F}.Release|Any CPU.ActiveCfg = Release|x64
		{2CDA5A5C-263C-492B-831F-857BFD82137F}.Release|Any CPU.Build.0 = Release|x64
		{2CDA5A5C-263C-492B-831F-857BFD82137F}.Release|ARM.ActiveCfg = Release|x64
		{2CDA5A5C-263C-492B-831F-857BFD82137F}.Release|ARM.Build.0 = Release|x64
		{2CDA5A5C-263C-492B-831F-857BFD82137F}.Release|ARM64.ActiveCfg = Release|x64
		{2CDA5A5C-263C-492B-831F-857BFD82137F}.Release|ARM64.Build.0 = Release|x64
		{2CDA5A5C-263C-492B-831F-857BFD82137F}.Release|x64.ActiveCfg = Release|x64
		{2CDA5A5C-263C-492B-831F-857BFD82137F}.Release|x64.Build.0 = Release|x64
		{2CDA5A5C-263C-492B-831F-857BFD82137F}.Release|x86.ActiveCfg = Release|Win32
		{2CDA5A5C-263C-492B-831F-857BFD82137F}.Release|x86.Build.0 = Release|Win32
		{E03161E3-E165-41B6-A376-889DCC32B128}.Debug|Any CPU.ActiveCfg = Debug|Any CPU
		{E03161E3-E165-41B6-A376-889DCC32B128}.Debug|Any CPU.Build.0 = Debug|Any CPU
		{E03161E3-E165-41B6-A376-889DCC32B128}.Debug|ARM.ActiveCfg = Debug|Any CPU
		{E03161E3-E165-41B6-A376-889DCC32B128}.Debug|ARM.Build.0 = Debug|Any CPU
		{E03161E3-E165-41B6-A376-889DCC32B128}.Debug|ARM64.ActiveCfg = Debug|Any CPU
		{E03161E3-E165-41B6-A376-889DCC32B128}.Debug|ARM64.Build.0 = Debug|Any CPU
		{E03161E3-E165-41B6-A376-889DCC32B128}.Debug|x64.ActiveCfg = Debug|Any CPU
		{E03161E3-E165-41B6-A376-889DCC32B128}.Debug|x64.Build.0 = Debug|Any CPU
		{E03161E3-E165-41B6-A376-889DCC32B128}.Debug|x86.ActiveCfg = Debug|Any CPU
		{E03161E3-E165-41B6-A376-889DCC32B128}.Debug|x86.Build.0 = Debug|Any CPU
		{E03161E3-E165-41B6-A376-889DCC32B128}.Release|Any CPU.ActiveCfg = Release|Any CPU
		{E03161E3-E165-41B6-A376-889DCC32B128}.Release|Any CPU.Build.0 = Release|Any CPU
		{E03161E3-E165-41B6-A376-889DCC32B128}.Release|ARM.ActiveCfg = Release|Any CPU
		{E03161E3-E165-41B6-A376-889DCC32B128}.Release|ARM.Build.0 = Release|Any CPU
		{E03161E3-E165-41B6-A376-889DCC32B128}.Release|ARM64.ActiveCfg = Release|Any CPU
		{E03161E3-E165-41B6-A376-889DCC32B128}.Release|ARM64.Build.0 = Release|Any CPU
		{E03161E3-E165-41B6-A376-889DCC32B128}.Release|x64.ActiveCfg = Release|Any CPU
		{E03161E3-E165-41B6-A376-889DCC32B128}.Release|x64.Build.0 = Release|Any CPU
		{E03161E3-E165-41B6-A376-889DCC32B128}.Release|x86.ActiveCfg = Release|Any CPU
		{E03161E3-E165-41B6-A376-889DCC32B128}.Release|x86.Build.0 = Release|Any CPU
		{B699E5A5-672E-4DE8-9C24-568523755B82}.Debug|Any CPU.ActiveCfg = Debug|x64
		{B699E5A5-672E-4DE8-9C24-568523755B82}.Debug|Any CPU.Build.0 = Debug|x64
		{B699E5A5-672E-4DE8-9C24-568523755B82}.Debug|ARM.ActiveCfg = Debug|x64
		{B699E5A5-672E-4DE8-9C24-568523755B82}.Debug|ARM.Build.0 = Debug|x64
		{B699E5A5-672E-4DE8-9C24-568523755B82}.Debug|ARM64.ActiveCfg = Debug|x64
		{B699E5A5-672E-4DE8-9C24-568523755B82}.Debug|ARM64.Build.0 = Debug|x64
		{B699E5A5-672E-4DE8-9C24-568523755B82}.Debug|x64.ActiveCfg = Debug|x64
		{B699E5A5-672E-4DE8-9C24-568523755B82}.Debug|x64.Build.0 = Debug|x64
		{B699E5A5-672E-4DE8-9C24-568523755B82}.Debug|x86.ActiveCfg = Debug|Win32
		{B699E5A5-672E-4DE8-9C24-568523755B82}.Debug|x86.Build.0 = Debug|Win32
		{B699E5A5-672E-4DE8-9C24-568523755B82}.Release|Any CPU.ActiveCfg = Release|x64
		{B699E5A5-672E-4DE8-9C24-568523755B82}.Release|Any CPU.Build.0 = Release|x64
		{B699E5A5-672E-4DE8-9C24-568523755B82}.Release|ARM.ActiveCfg = Release|x64
		{B699E5A5-672E-4DE8-9C24-568523755B82}.Release|ARM.Build.0 = Release|x64
		{B699E5A5-672E-4DE8-9C24-568523755B82}.Release|ARM64.ActiveCfg = Release|x64
		{B699E5A5-672E-4DE8-9C24-568523755B82}.Release|ARM64.Build.0 = Release|x64
		{B699E5A5-672E-4DE8-9C24-568523755B82}.Release|x64.ActiveCfg = Release|x64
		{B699E5A5-672E-4DE8-9C24-568523755B82}.Release|x64.Build.0 = Release|x64
		{B699E5A5-672E-4DE8-9C24-568523755B82}.Release|x86.ActiveCfg = Release|Win32
		{B699E5A5-672E-4DE8-9C24-568523755B82}.Release|x86.Build.0 = Release|Win32
	EndGlobalSection
	GlobalSection(SolutionProperties) = preSolution
		HideSolutionNode = FALSE
	EndGlobalSection
	GlobalSection(ExtensibilityGlobals) = postSolution
		SolutionGuid = {5D305D2E-8777-44CA-A4C5-FAF8DCA17D16}
	EndGlobalSection
EndGlobal
